// !$*UTF8*$!
{
	archiveVersion = 1;
	classes = {
	};
	objectVersion = 46;
	objects = {

/* Begin PBXBuildFile section */
		1F49698C1E0BB308008A7DFF /* main.m in Sources */ = {isa = PBXBuildFile; fileRef = 1F49698B1E0BB308008A7DFF /* main.m */; };
		1F49698F1E0BB308008A7DFF /* AppDelegate.m in Sources */ = {isa = PBXBuildFile; fileRef = 1F49698E1E0BB308008A7DFF /* AppDelegate.m */; };
		1F4969921E0BB308008A7DFF /* ViewController.m in Sources */ = {isa = PBXBuildFile; fileRef = 1F4969911E0BB308008A7DFF /* ViewController.m */; };
		1F4969951E0BB308008A7DFF /* Main.storyboard in Resources */ = {isa = PBXBuildFile; fileRef = 1F4969931E0BB308008A7DFF /* Main.storyboard */; };
		1F4969971E0BB308008A7DFF /* Assets.xcassets in Resources */ = {isa = PBXBuildFile; fileRef = 1F4969961E0BB308008A7DFF /* Assets.xcassets */; };
		1F49699A1E0BB308008A7DFF /* LaunchScreen.storyboard in Resources */ = {isa = PBXBuildFile; fileRef = 1F4969981E0BB308008A7DFF /* LaunchScreen.storyboard */; };
		1F4969A31E0BB372008A7DFF /* TwoViewController.m in Sources */ = {isa = PBXBuildFile; fileRef = 1F4969A21E0BB372008A7DFF /* TwoViewController.m */; };
		1F4969A71E0BB388008A7DFF /* HYViewController.m in Sources */ = {isa = PBXBuildFile; fileRef = 1F4969A61E0BB388008A7DFF /* HYViewController.m */; };
/* End PBXBuildFile section */

/* Begin PBXFileReference section */
		1F4969871E0BB308008A7DFF /* NavPushDemo.app */ = {isa = PBXFileReference; explicitFileType = wrapper.application; includeInIndex = 0; path = NavPushDemo.app; sourceTree = BUILT_PRODUCTS_DIR; };
		1F49698B1E0BB308008A7DFF /* main.m */ = {isa = PBXFileReference; lastKnownFileType = sourcecode.c.objc; path = main.m; sourceTree = "<group>"; };
		1F49698D1E0BB308008A7DFF /* AppDelegate.h */ = {isa = PBXFileReference; lastKnownFileType = sourcecode.c.h; path = AppDelegate.h; sourceTree = "<group>"; };
		1F49698E1E0BB308008A7DFF /* AppDelegate.m */ = {isa = PBXFileReference; lastKnownFileType = sourcecode.c.objc; path = AppDelegate.m; sourceTree = "<group>"; };
		1F4969901E0BB308008A7DFF /* ViewController.h */ = {isa = PBXFileReference; lastKnownFileType = sourcecode.c.h; path = ViewController.h; sourceTree = "<group>"; };
		1F4969911E0BB308008A7DFF /* ViewController.m */ = {isa = PBXFileReference; lastKnownFileType = sourcecode.c.objc; path = ViewController.m; sourceTree = "<group>"; };
		1F4969941E0BB308008A7DFF /* Base */ = {isa = PBXFileReference; lastKnownFileType = file.storyboard; name = Base; path = Base.lproj/Main.storyboard; sourceTree = "<group>"; };
		1F4969961E0BB308008A7DFF /* Assets.xcassets */ = {isa = PBXFileReference; lastKnownFileType = folder.assetcatalog; path = Assets.xcassets; sourceTree = "<group>"; };
		1F4969991E0BB308008A7DFF /* Base */ = {isa = PBXFileReference; lastKnownFileType = file.storyboard; name = Base; path = Base.lproj/LaunchScreen.storyboard; sourceTree = "<group>"; };
		1F49699B1E0BB308008A7DFF /* Info.plist */ = {isa = PBXFileReference; lastKnownFileType = text.plist.xml; path = Info.plist; sourceTree = "<group>"; };
		1F4969A11E0BB372008A7DFF /* TwoViewController.h */ = {isa = PBXFileReference; fileEncoding = 4; lastKnownFileType = sourcecode.c.h; path = TwoViewController.h; sourceTree = "<group>"; };
		1F4969A21E0BB372008A7DFF /* TwoViewController.m */ = {isa = PBXFileReference; fileEncoding = 4; lastKnownFileType = sourcecode.c.objc; path = TwoViewController.m; sourceTree = "<group>"; };
		1F4969A51E0BB388008A7DFF /* HYViewController.h */ = {isa = PBXFileReference; fileEncoding = 4; lastKnownFileType = sourcecode.c.h; path = HYViewController.h; sourceTree = "<group>"; };
		1F4969A61E0BB388008A7DFF /* HYViewController.m */ = {isa = PBXFileReference; fileEncoding = 4; lastKnownFileType = sourcecode.c.objc; path = HYViewController.m; sourceTree = "<group>"; };
/* End PBXFileReference section */

/* Begin PBXFrameworksBuildPhase section */
		1F4969841E0BB308008A7DFF /* Frameworks */ = {
			isa = PBXFrameworksBuildPhase;
			buildActionMask = 2147483647;
			files = (
			);
			runOnlyForDeploymentPostprocessing = 0;
		};
/* End PBXFrameworksBuildPhase section */

/* Begin PBXGroup section */
		1F49697E1E0BB308008A7DFF = {
			isa = PBXGroup;
			children = (
				1F4969891E0BB308008A7DFF /* NavPushDemo */,
				1F4969881E0BB308008A7DFF /* Products */,
			);
			sourceTree = "<group>";
		};
		1F4969881E0BB308008A7DFF /* Products */ = {
			isa = PBXGroup;
			children = (
				1F4969871E0BB308008A7DFF /* NavPushDemo.app */,
			);
			name = Products;
			sourceTree = "<group>";
		};
		1F4969891E0BB308008A7DFF /* NavPushDemo */ = {
			isa = PBXGroup;
			children = (
				1F4969A41E0BB376008A7DFF /* New Group */,
				1F49698D1E0BB308008A7DFF /* AppDelegate.h */,
				1F49698E1E0BB308008A7DFF /* AppDelegate.m */,
				1F4969901E0BB308008A7DFF /* ViewController.h */,
				1F4969911E0BB308008A7DFF /* ViewController.m */,
				1F4969A11E0BB372008A7DFF /* TwoViewController.h */,
				1F4969A21E0BB372008A7DFF /* TwoViewController.m */,
				1F4969931E0BB308008A7DFF /* Main.storyboard */,
				1F4969961E0BB308008A7DFF /* Assets.xcassets */,
				1F4969981E0BB308008A7DFF /* LaunchScreen.storyboard */,
				1F49699B1E0BB308008A7DFF /* Info.plist */,
				1F49698A1E0BB308008A7DFF /* Supporting Files */,
			);
			path = NavPushDemo;
			sourceTree = "<group>";
		};
		1F49698A1E0BB308008A7DFF /* Supporting Files */ = {
			isa = PBXGroup;
			children = (
				1F49698B1E0BB308008A7DFF /* main.m */,
			);
			name = "Supporting Files";
			sourceTree = "<group>";
		};
		1F4969A41E0BB376008A7DFF /* New Group */ = {
			isa = PBXGroup;
			children = (
				1F4969A51E0BB388008A7DFF /* HYViewController.h */,
				1F4969A61E0BB388008A7DFF /* HYViewController.m */,
			);
			name = "New Group";
			sourceTree = "<group>";
		};
/* End PBXGroup section */

/* Begin PBXNativeTarget section */
		1F4969861E0BB308008A7DFF /* NavPushDemo */ = {
			isa = PBXNativeTarget;
			buildConfigurationList = 1F49699E1E0BB308008A7DFF /* Build configuration list for PBXNativeTarget "NavPushDemo" */;
			buildPhases = (
				1F4969831E0BB308008A7DFF /* Sources */,
				1F4969841E0BB308008A7DFF /* Frameworks */,
				1F4969851E0BB308008A7DFF /* Resources */,
			);
			buildRules = (
			);
			dependencies = (
			);
			name = NavPushDemo;
			productName = NavPushDemo;
			productReference = 1F4969871E0BB308008A7DFF /* NavPushDemo.app */;
			productType = "com.apple.product-type.application";
		};
/* End PBXNativeTarget section */

/* Begin PBXProject section */
		1F49697F1E0BB308008A7DFF /* Project object */ = {
			isa = PBXProject;
			attributes = {
				LastUpgradeCheck = 0810;
				ORGANIZATIONNAME = jianye;
				TargetAttributes = {
					1F4969861E0BB308008A7DFF = {
						CreatedOnToolsVersion = 8.1;
						ProvisioningStyle = Automatic;
					};
				};
			};
			buildConfigurationList = 1F4969821E0BB308008A7DFF /* Build configuration list for PBXProject "NavPushDemo" */;
			compatibilityVersion = "Xcode 3.2";
			developmentRegion = English;
			hasScannedForEncodings = 0;
			knownRegions = (
				en,
				Base,
			);
			mainGroup = 1F49697E1E0BB308008A7DFF;
			productRefGroup = 1F4969881E0BB308008A7DFF /* Products */;
			projectDirPath = "";
			projectRoot = "";
			targets = (
				1F4969861E0BB308008A7DFF /* NavPushDemo */,
			);
		};
/* End PBXProject section */

/* Begin PBXResourcesBuildPhase section */
		1F4969851E0BB308008A7DFF /* Resources */ = {
			isa = PBXResourcesBuildPhase;
			buildActionMask = 2147483647;
			files = (
				1F49699A1E0BB308008A7DFF /* LaunchScreen.storyboard in Resources */,
				1F4969971E0BB308008A7DFF /* Assets.xcassets in Resources */,
				1F4969951E0BB308008A7DFF /* Main.storyboard in Resources */,
			);
			runOnlyForDeploymentPostprocessing = 0;
		};
/* End PBXResourcesBuildPhase section */

/* Begin PBXSourcesBuildPhase section */
		1F4969831E0BB308008A7DFF /* Sources */ = {
			isa = PBXSourcesBuildPhase;
			buildActionMask = 2147483647;
			files = (
				1F4969A71E0BB388008A7DFF /* HYViewController.m in Sources */,
				1F4969921E0BB308008A7DFF /* ViewController.m in Sources */,
				1F49698F1E0BB308008A7DFF /* AppDelegate.m in Sources */,
				1F49698C1E0BB308008A7DFF /* main.m in Sources */,
				1F4969A31E0BB372008A7DFF /* TwoViewController.m in Sources */,
			);
			runOnlyForDeploymentPostprocessing = 0;
		};
/* End PBXSourcesBuildPhase section */

/* Begin PBXVariantGroup section */
		1F4969931E0BB308008A7DFF /* Main.storyboard */ = {
			isa = PBXVariantGroup;
			children = (
				1F4969941E0BB308008A7DFF /* Base */,
			);
			name = Main.storyboard;
			sourceTree = "<group>";
		};
		1F4969981E0BB308008A7DFF /* LaunchScreen.storyboard */ = {
			isa = PBXVariantGroup;
			children = (
				1F4969991E0BB308008A7DFF /* Base */,
			);
			name = LaunchScreen.storyboard;
			sourceTree = "<group>";
		};
/* End PBXVariantGroup section */

/* Begin XCBuildConfiguration section */
		1F49699C1E0BB308008A7DFF /* Debug */ = {
			isa = XCBuildConfiguration;
			buildSettings = {
				ALWAYS_SEARCH_USER_PATHS = NO;
				CLANG_ANALYZER_NONNULL = YES;
				CLANG_CXX_LANGUAGE_STANDARD = "gnu++0x";
				CLANG_CXX_LIBRARY = "libc++";
				CLANG_ENABLE_MODULES = YES;
				CLANG_ENABLE_OBJC_ARC = YES;
				CLANG_WARN_BOOL_CONVERSION = YES;
				CLANG_WARN_CONSTANT_CONVERSION = YES;
				CLANG_WARN_DIRECT_OBJC_ISA_USAGE = YES_ERROR;
				CLANG_WARN_DOCUMENTATION_COMMENTS = YES;
				CLANG_WARN_EMPTY_BODY = YES;
				CLANG_WARN_ENUM_CONVERSION = YES;
				CLANG_WARN_INFINITE_RECURSION = YES;
				CLANG_WARN_INT_CONVERSION = YES;
				CLANG_WARN_OBJC_ROOT_CLASS = YES_ERROR;
				CLANG_WARN_SUSPICIOUS_MOVES = YES;
				CLANG_WARN_UNREACHABLE_CODE = YES;
				CLANG_WARN__DUPLICATE_METHOD_MATCH = YES;
				"CODE_SIGN_IDENTITY[sdk=iphoneos*]" = "iPhone Developer";
				COPY_PHASE_STRIP = NO;
				DEBUG_INFORMATION_FORMAT = dwarf;
				ENABLE_STRICT_OBJC_MSGSEND = YES;
				ENABLE_TESTABILITY = YES;
				GCC_C_LANGUAGE_STANDARD = gnu99;
				GCC_DYNAMIC_NO_PIC = NO;
				GCC_NO_COMMON_BLOCKS = YES;
				GCC_OPTIMIZATION_LEVEL = 0;
				GCC_PREPROCESSOR_DEFINITIONS = (
					"DEBUG=1",
					"$(inherited)",
				);
				GCC_WARN_64_TO_32_BIT_CONVERSION = YES;
				GCC_WARN_ABOUT_RETURN_TYPE = YES_ERROR;
				GCC_WARN_UNDECLARED_SELECTOR = YES;
				GCC_WARN_UNINITIALIZED_AUTOS = YES_AGGRESSIVE;
				GCC_WARN_UNUSED_FUNCTION = YES;
				GCC_WARN_UNUSED_VARIABLE = YES;
				IPHONEOS_DEPLOYMENT_TARGET = 10.1;
				MTL_ENABLE_DEBUG_INFO = YES;
				ONLY_ACTIVE_ARCH = YES;
				SDKROOT = iphoneos;
				TARGETED_DEVICE_FAMILY = "1,2";
			};
			name = Debug;
		};
		1F49699D1E0BB308008A7DFF /* Release */ = {
			isa = XCBuildConfiguration;
			buildSettings = {
				ALWAYS_SEARCH_USER_PATHS = NO;
				CLANG_ANALYZER_NONNULL = YES;
				CLANG_CXX_LANGUAGE_STANDARD = "gnu++0x";
				CLANG_CXX_LIBRARY = "libc++";
				CLANG_ENABLE_MODULES = YES;
				CLANG_ENABLE_OBJC_ARC = YES;
				CLANG_WARN_BOOL_CONVERSION = YES;
				CLANG_WARN_CONSTANT_CONVERSION = YES;
				CLANG_WARN_DIRECT_OBJC_ISA_USAGE = YES_ERROR;
				CLANG_WARN_DOCUMENTATION_COMMENTS = YES;
				CLANG_WARN_EMPTY_BODY = YES;
				CLANG_WARN_ENUM_CONVERSION = YES;
				CLANG_WARN_INFINITE_RECURSION = YES;
				CLANG_WARN_INT_CONVERSION = YES;
				CLANG_WARN_OBJC_ROOT_CLASS = YES_ERROR;
				CLANG_WARN_SUSPICIOUS_MOVES = YES;
				CLANG_WARN_UNREACHABLE_CODE = YES;
				CLANG_WARN__DUPLICATE_METHOD_MATCH = YES;
				"CODE_SIGN_IDENTITY[sdk=iphoneos*]" = "iPhone Developer";
				COPY_PHASE_STRIP = NO;
				DEBUG_INFORMATION_FORMAT = "dwarf-with-dsym";
				ENABLE_NS_ASSERTIONS = NO;
				ENABLE_STRICT_OBJC_MSGSEND = YES;
				GCC_C_LANGUAGE_STANDARD = gnu99;
				GCC_NO_COMMON_BLOCKS = YES;
				GCC_WARN_64_TO_32_BIT_CONVERSION = YES;
				GCC_WARN_ABOUT_RETURN_TYPE = YES_ERROR;
				GCC_WARN_UNDECLARED_SELECTOR = YES;
				GCC_WARN_UNINITIALIZED_AUTOS = YES_AGGRESSIVE;
				GCC_WARN_UNUSED_FUNCTION = YES;
				GCC_WARN_UNUSED_VARIABLE = YES;
				IPHONEOS_DEPLOYMENT_TARGET = 10.1;
				MTL_ENABLE_DEBUG_INFO = NO;
				SDKROOT = iphoneos;
				TARGETED_DEVICE_FAMILY = "1,2";
				VALIDATE_PRODUCT = YES;
			};
			name = Release;
		};
		1F49699F1E0BB308008A7DFF /* Debug */ = {
			isa = XCBuildConfiguration;
			buildSettings = {
				ASSETCATALOG_COMPILER_APPICON_NAME = AppIcon;
				INFOPLIST_FILE = NavPushDemo/Info.plist;
				LD_RUNPATH_SEARCH_PATHS = "$(inherited) @executable_path/Frameworks";
				PRODUCT_BUNDLE_IDENTIFIER = com.yidukeji.www.NavPushDemo;
				PRODUCT_NAME = "$(TARGET_NAME)";
			};
			name = Debug;
		};
		1F4969A01E0BB308008A7DFF /* Release */ = {
			isa = XCBuildConfiguration;
			buildSettings = {
				ASSETCATALOG_COMPILER_APPICON_NAME = AppIcon;
				INFOPLIST_FILE = NavPushDemo/Info.plist;
				LD_RUNPATH_SEARCH_PATHS = "$(inherited) @executable_path/Frameworks";
				PRODUCT_BUNDLE_IDENTIFIER = com.yidukeji.www.NavPushDemo;
				PRODUCT_NAME = "$(TARGET_NAME)";
			};
			name = Release;
		};
/* End XCBuildConfiguration section */

/* Begin XCConfigurationList section */
		1F4969821E0BB308008A7DFF /* Build configuration list for PBXProject "NavPushDemo" */ = {
			isa = XCConfigurationList;
			buildConfigurations = (
				1F49699C1E0BB308008A7DFF /* Debug */,
				1F49699D1E0BB308008A7DFF /* Release */,
			);
			defaultConfigurationIsVisible = 0;
			defaultConfigurationName = Release;
		};
		1F49699E1E0BB308008A7DFF /* Build configuration list for PBXNativeTarget "NavPushDemo" */ = {
			isa = XCConfigurationList;
			buildConfigurations = (
				1F49699F1E0BB308008A7DFF /* Debug */,
				1F4969A01E0BB308008A7DFF /* Release */,
			);
			defaultConfigurationIsVisible = 0;
		};
/* End XCConfigurationList section */
	};
	rootObject = 1F49697F1E0BB308008A7DFF /* Project object */;
}
